
Microsoft Visual Studio Solution File, Format Version 12.00
Project("{FAE04EC0-301F-11D3-BF4B-00C04F79EFBC}") = "SharpFiles", "src\SharpFiles\SharpFiles.csproj", "{6EF79310-ADBF-45BF-A580-9A07E27207CB}"
EndProject
Project("{FAE04EC0-301F-11D3-BF4B-00C04F79EFBC}") = "SharpFiles.Tests", "tests\SharpFiles.Tests\SharpFiles.Tests.csproj", "{77ADE3B2-13A5-4F3A-B645-D7865D574927}"
EndProject
Global
	GlobalSection(SolutionConfigurationPlatforms) = preSolution
		Debug|Any CPU = Debug|Any CPU
		Release|Any CPU = Release|Any CPU
	EndGlobalSection
	GlobalSection(ProjectConfigurationPlatforms) = postSolution
		{6EF79310-ADBF-45BF-A580-9A07E27207CB}.Debug|Any CPU.ActiveCfg = Debug|Any CPU
		{6EF79310-ADBF-45BF-A580-9A07E27207CB}.Debug|Any CPU.Build.0 = Debug|Any CPU
		{6EF79310-ADBF-45BF-A580-9A07E27207CB}.Release|Any CPU.ActiveCfg = Release|Any CPU
		{6EF79310-ADBF-45BF-A580-9A07E27207CB}.Release|Any CPU.Build.0 = Release|Any CPU
		{77ADE3B2-13A5-4F3A-B645-D7865D574927}.Debug|Any CPU.ActiveCfg = Debug|Any CPU
		{77ADE3B2-13A5-4F3A-B645-D7865D574927}.Debug|Any CPU.Build.0 = Debug|Any CPU
		{77ADE3B2-13A5-4F3A-B645-D7865D574927}.Release|Any CPU.ActiveCfg = Release|Any CPU
		{77ADE3B2-13A5-4F3A-B645-D7865D574927}.Release|Any CPU.Build.0 = Release|Any CPU
	EndGlobalSection
EndGlobal
